
Microsoft Visual Studio Solution File, Format Version 12.00
# Visual Studio 15
VisualStudioVersion = 15.0.27703.2042
MinimumVisualStudioVersion = 10.0.40219.1
Project("{FAE04EC0-301F-11D3-BF4B-00C04F79EFBC}") = "BloodDonor", "BloodDonor\BloodDonor.csproj", "{EFE9095E-7DD3-421F-8E3F-3529ACB06DAE}"
EndProject
Global
	GlobalSection(SolutionConfigurationPlatforms) = preSolution
		Debug|Any CPU = Debug|Any CPU
		Release|Any CPU = Release|Any CPU
	EndGlobalSection
	GlobalSection(ProjectConfigurationPlatforms) = postSolution
		{EFE9095E-7DD3-421F-8E3F-3529ACB06DAE}.Debug|Any CPU.ActiveCfg = Debug|Any CPU
		{EFE9095E-7DD3-421F-8E3F-3529ACB06DAE}.Debug|Any CPU.Build.0 = Debug|Any CPU
		{EFE9095E-7DD3-421F-8E3F-3529ACB06DAE}.Release|Any CPU.ActiveCfg = Release|Any CPU
		{EFE9095E-7DD3-421F-8E3F-3529ACB06DAE}.Release|Any CPU.Build.0 = Release|Any CPU
	EndGlobalSection
	GlobalSection(SolutionProperties) = preSolution
		HideSolutionNode = FALSE
	EndGlobalSection
	GlobalSection(ExtensibilityGlobals) = postSolution
		SolutionGuid = {48561DA9-3743-4309-A7C3-282EA23E495D}
	EndGlobalSection
EndGlobal
